{
  "name": "stalker",
  "version": "1.0.0",
  "lockfileVersion": 2,
  "requires": true,
  "packages": {
    "": {
      "name": "stalker",
      "version": "1.0.0",
      "dependencies": {
        "@types/mustache": "^4.1.2"
      },
      "devDependencies": {
        "husky": "^7.0.4"
      }
    },
    "node_modules/@types/mustache": {
      "version": "4.1.2",
      "resolved": "https://registry.npmjs.org/@types/mustache/-/mustache-4.1.2.tgz",
      "integrity": "sha512-c4OVMMcyodKQ9dpwBwh3ofK9P6U9ZktKU9S+p33UqwMNN1vlv2P0zJZUScTshnx7OEoIIRcCFNQ904sYxZz8kg=="
    },
    "node_modules/husky": {
      "version": "7.0.4",
      "resolved": "https://registry.npmjs.org/husky/-/husky-7.0.4.tgz",
      "integrity": "sha512-vbaCKN2QLtP/vD4yvs6iz6hBEo6wkSzs8HpRah1Z6aGmF2KW5PdYuAd7uX5a+OyBZHBhd+TFLqgjUgytQr4RvQ==",
      "dev": true,
      "bin": {
        "husky": "lib/bin.js"
      },
      "engines": {
        "node": ">=12"
      },
      "funding": {
        "url": "https://github.com/sponsors/typicode"
      }
    }
  },
  "dependencies": {
    "@types/mustache": {
      "version": "4.1.2",
      "resolved": "https://registry.npmjs.org/@types/mustache/-/mustache-4.1.2.tgz",
      "integrity": "sha512-c4OVMMcyodKQ9dpwBwh3ofK9P6U9ZktKU9S+p33UqwMNN1vlv2P0zJZUScTshnx7OEoIIRcCFNQ904sYxZz8kg=="
    },
    "husky": {
      "version": "7.0.4",
      "resolved": "https://registry.npmjs.org/husky/-/husky-7.0.4.tgz",
      "integrity": "sha512-vbaCKN2QLtP/vD4yvs6iz6hBEo6wkSzs8HpRah1Z6aGmF2KW5PdYuAd7uX5a+OyBZHBhd+TFLqgjUgytQr4RvQ==",
      "dev": true
    }
  }
}
