Microsoft Visual Studio Solution File, Format Version 12.00
# Visual Studio Version 17
VisualStudioVersion = 17.5.2.0
MinimumVisualStudioVersion = 10.0.40219.1
Project("{FAE04EC0-301F-11D3-BF4B-00C04F79EFBC}") = "Orchestrator", "Orchestrator.csproj", "{CF87608E-AAE2-ED61-F342-123F14C3B50E}"
EndProject
Global
	GlobalSection(SolutionConfigurationPlatforms) = preSolution
		Debug|Any CPU = Debug|Any CPU
		Release|Any CPU = Release|Any CPU
	EndGlobalSection
	GlobalSection(ProjectConfigurationPlatforms) = postSolution
		{CF87608E-AAE2-ED61-F342-123F14C3B50E}.Debug|Any CPU.ActiveCfg = Debug|Any CPU
		{CF87608E-AAE2-ED61-F342-123F14C3B50E}.Debug|Any CPU.Build.0 = Debug|Any CPU
		{CF87608E-AAE2-ED61-F342-123F14C3B50E}.Release|Any CPU.ActiveCfg = Release|Any CPU
		{CF87608E-AAE2-ED61-F342-123F14C3B50E}.Release|Any CPU.Build.0 = Release|Any CPU
	EndGlobalSection
	GlobalSection(SolutionProperties) = preSolution
		HideSolutionNode = FALSE
	EndGlobalSection
	GlobalSection(ExtensibilityGlobals) = postSolution
		SolutionGuid = {5C398CC3-35D0-47C0-B1E7-A8A39AE087CB}
	EndGlobalSection
EndGlobal
